
Microsoft Visual Studio Solution File, Format Version 12.00
# Visual Studio Version 17
VisualStudioVersion = 17.4.33213.308
MinimumVisualStudioVersion = 10.0.40219.1
Project("{8BC9CEB8-8B4A-11D0-8D11-00A0C91BC942}") = "Lab_3", "Lab_3\Lab_3.vcxproj", "{80034B03-0DC4-4A36-A2FB-C079C0610841}"
EndProject
Global
	GlobalSection(SolutionConfigurationPlatforms) = preSolution
		Debug|x64 = Debug|x64
		Debug|x86 = Debug|x86
		Release|x64 = Release|x64
		Release|x86 = Release|x86
	EndGlobalSection
	GlobalSection(ProjectConfigurationPlatforms) = postSolution
		{80034B03-0DC4-4A36-A2FB-C079C0610841}.Debug|x64.ActiveCfg = Debug|x64
		{80034B03-0DC4-4A36-A2FB-C079C0610841}.Debug|x64.Build.0 = Debug|x64
		{80034B03-0DC4-4A36-A2FB-C079C0610841}.Debug|x86.ActiveCfg = Debug|Win32
		{80034B03-0DC4-4A36-A2FB-C079C0610841}.Debug|x86.Build.0 = Debug|Win32
		{80034B03-0DC4-4A36-A2FB-C079C0610841}.Release|x64.ActiveCfg = Release|x64
		{80034B03-0DC4-4A36-A2FB-C079C0610841}.Release|x64.Build.0 = Release|x64
		{80034B03-0DC4-4A36-A2FB-C079C0610841}.Release|x86.ActiveCfg = Release|Win32
		{80034B03-0DC4-4A36-A2FB-C079C0610841}.Release|x86.Build.0 = Release|Win32
	EndGlobalSection
	GlobalSection(SolutionProperties) = preSolution
		HideSolutionNode = FALSE
	EndGlobalSection
	GlobalSection(ExtensibilityGlobals) = postSolution
		SolutionGuid = {7F158643-15EB-4AAA-91B8-B435E3D8A7CA}
	EndGlobalSection
EndGlobal
